
Microsoft Visual Studio Solution File, Format Version 12.00
# Visual Studio Version 17
VisualStudioVersion = 17.6.33815.320
MinimumVisualStudioVersion = 10.0.40219.1
Project("{FAE04EC0-301F-11D3-BF4B-00C04F79EFBC}") = "Triumph 0.1", "Triumph 0.1\Triumph 0.1.csproj", "{E66A70B6-A27E-4FEC-BF66-0327D6479CC9}"
EndProject
Project("{54435603-DBB4-11D2-8724-00A0C9A8B90C}") = "TriumphSetup.0.1", "TriumphSetup.0.1\TriumphSetup.0.1.vdproj", "{6D5B8C1E-62FB-4568-B59F-BC09A4BC53FC}"
EndProject
Global
	GlobalSection(SolutionConfigurationPlatforms) = preSolution
		Debug|Any CPU = Debug|Any CPU
		Release|Any CPU = Release|Any CPU
	EndGlobalSection
	GlobalSection(ProjectConfigurationPlatforms) = postSolution
		{E66A70B6-A27E-4FEC-BF66-0327D6479CC9}.Debug|Any CPU.ActiveCfg = Debug|Any CPU
		{E66A70B6-A27E-4FEC-BF66-0327D6479CC9}.Debug|Any CPU.Build.0 = Debug|Any CPU
		{E66A70B6-A27E-4FEC-BF66-0327D6479CC9}.Release|Any CPU.ActiveCfg = Release|Any CPU
		{E66A70B6-A27E-4FEC-BF66-0327D6479CC9}.Release|Any CPU.Build.0 = Release|Any CPU
		{6D5B8C1E-62FB-4568-B59F-BC09A4BC53FC}.Debug|Any CPU.ActiveCfg = Debug
		{6D5B8C1E-62FB-4568-B59F-BC09A4BC53FC}.Release|Any CPU.ActiveCfg = Release
	EndGlobalSection
	GlobalSection(SolutionProperties) = preSolution
		HideSolutionNode = FALSE
	EndGlobalSection
	GlobalSection(ExtensibilityGlobals) = postSolution
		SolutionGuid = {D4E6D1E3-1A35-4503-961E-13CCE32F440E}
	EndGlobalSection
EndGlobal
